{
  "lockfile_version": "1",
  "packages": {
    "git": {
      "resolved": "github:NixOS/nixpkgs/61c0f513911459945e2cb8bf333dc849f1b976ff?narHash=sha256-p2dWAQcLVzquy9LxYCZPwyUdugw78Qv3ChvnX755qHA%3D#git",
      "source": "nixpkg"
    },
    "github:NixOS/nixpkgs/nixpkgs-unstable": {
      "resolved": "github:NixOS/nixpkgs/61c0f513911459945e2cb8bf333dc849f1b976ff?lastModified=1750865895&narHash=sha256-p2dWAQcLVzquy9LxYCZPwyUdugw78Qv3ChvnX755qHA%3D"
    },
    "imagemagick@latest": {
      "last_modified": "2025-06-20T02:24:11Z",
      "resolved": "github:NixOS/nixpkgs/076e8c6678d8c54204abcb4b1b14c366835a58bb#imagemagick",
      "source": "devbox-search",
      "version": "7.1.1-47",
      "systems": {
        "aarch64-darwin": {
          "outputs": [
            {
              "name": "out",
              "path": "/nix/store/3w06dz5yczsy9l5iad6x15if2fsj4rwz-imagemagick-7.1.1-47",
              "default": true
            },
            {
              "name": "dev",
              "path": "/nix/store/iv03zy153mgq00m3xpx4jcz6i6q2g923-imagemagick-7.1.1-47-dev"
            },
            {
              "name": "doc",
              "path": "/nix/store/wnw20gk6hpss2sbcxzzj9cxn0ar11s4j-imagemagick-7.1.1-47-doc"
            }
          ],
          "store_path": "/nix/store/3w06dz5yczsy9l5iad6x15if2fsj4rwz-imagemagick-7.1.1-47"
        },
        "aarch64-linux": {
          "outputs": [
            {
              "name": "out",
              "path": "/nix/store/dasd572y8gbz48bi7dlq5wvw86i3l95z-imagemagick-7.1.1-47",
              "default": true
            },
            {
              "name": "dev",
              "path": "/nix/store/h8bbyl2m8m5sgqaa6rshjjb2c9j5kyfa-imagemagick-7.1.1-47-dev"
            },
            {
              "name": "doc",
              "path": "/nix/store/6wkhrmmdrm6fwwciblmkzn9v54b7fp5r-imagemagick-7.1.1-47-doc"
            }
          ],
          "store_path": "/nix/store/dasd572y8gbz48bi7dlq5wvw86i3l95z-imagemagick-7.1.1-47"
        },
        "x86_64-darwin": {
          "outputs": [
            {
              "name": "out",
              "path": "/nix/store/hydd07w5m5k3crqp9gyw6k4gv5ila0x4-imagemagick-7.1.1-47",
              "default": true
            },
            {
              "name": "dev",
              "path": "/nix/store/7yqlrkfapcw2da81aywnia7x3k2y27i0-imagemagick-7.1.1-47-dev"
            },
            {
              "name": "doc",
              "path": "/nix/store/dv1x6pzqa8bk2gmnaq00nk6klhjpzkcc-imagemagick-7.1.1-47-doc"
            }
          ],
          "store_path": "/nix/store/hydd07w5m5k3crqp9gyw6k4gv5ila0x4-imagemagick-7.1.1-47"
        },
        "x86_64-linux": {
          "outputs": [
            {
              "name": "out",
              "path": "/nix/store/3rvn3p974bi9llyfr1sjrg02911l52b7-imagemagick-7.1.1-47",
              "default": true
            },
            {
              "name": "dev",
              "path": "/nix/store/c1na7xdwr8yd7vr91sqpl6avi0fqz8rf-imagemagick-7.1.1-47-dev"
            },
            {
              "name": "doc",
              "path": "/nix/store/hwl4bx329n402h935qls985jyxwppsry-imagemagick-7.1.1-47-doc"
            }
          ],
          "store_path": "/nix/store/3rvn3p974bi9llyfr1sjrg02911l52b7-imagemagick-7.1.1-47"
        }
      }
    },
    "nodejs@20": {
      "last_modified": "2025-06-20T02:24:11Z",
      "plugin_version": "0.0.2",
      "resolved": "github:NixOS/nixpkgs/076e8c6678d8c54204abcb4b1b14c366835a58bb#nodejs_20",
      "source": "devbox-search",
      "version": "20.19.2",
      "systems": {
        "aarch64-darwin": {
          "outputs": [
            {
              "name": "out",
              "path": "/nix/store/bk2ccq1nwk72ag45glxzpvzkkh5a83fj-nodejs-20.19.2",
              "default": true
            },
            {
              "name": "dev",
              "path": "/nix/store/5499fyvlwsrhamv1y8kphlb87gn16ja2-nodejs-20.19.2-dev"
            },
            {
              "name": "libv8",
              "path": "/nix/store/yklpxdif067phm9g8dygjgq8s75b4hlp-nodejs-20.19.2-libv8"
            }
          ],
          "store_path": "/nix/store/bk2ccq1nwk72ag45glxzpvzkkh5a83fj-nodejs-20.19.2"
        },
        "aarch64-linux": {
          "outputs": [
            {
              "name": "out",
              "path": "/nix/store/igk19nk1p66v0bf9y2kbp11dwgpnyqh5-nodejs-20.19.2",
              "default": true
            },
            {
              "name": "dev",
              "path": "/nix/store/mw1ws43grcfmbi1rz0r0dlcwmg0hczhf-nodejs-20.19.2-dev"
            },
            {
              "name": "libv8",
              "path": "/nix/store/8smmnly549yz3xxnfa5018i464bq13id-nodejs-20.19.2-libv8"
            }
          ],
          "store_path": "/nix/store/igk19nk1p66v0bf9y2kbp11dwgpnyqh5-nodejs-20.19.2"
        },
        "x86_64-darwin": {
          "outputs": [
            {
              "name": "out",
              "path": "/nix/store/asa518igxqzm6dy6f8yp39gr90wlz316-nodejs-20.19.2",
              "default": true
            },
            {
              "name": "dev",
              "path": "/nix/store/nmmjadkcwl0pn0s3acbav6x2iahhgzdc-nodejs-20.19.2-dev"
            },
            {
              "name": "libv8",
              "path": "/nix/store/c4gwbhgd3mjmm687y1vnmydb67v0capn-nodejs-20.19.2-libv8"
            }
          ],
          "store_path": "/nix/store/asa518igxqzm6dy6f8yp39gr90wlz316-nodejs-20.19.2"
        },
        "x86_64-linux": {
          "outputs": [
            {
              "name": "out",
              "path": "/nix/store/v5m05qvmza8b8922n42mgsisb05zllm3-nodejs-20.19.2",
              "default": true
            },
            {
              "name": "dev",
              "path": "/nix/store/zfkwx3mw9fbgsbj7nmb637ndf3gf8zvr-nodejs-20.19.2-dev"
            },
            {
              "name": "libv8",
              "path": "/nix/store/nsjk4fc9rp6im3c5w7hdrb7krfs0195w-nodejs-20.19.2-libv8"
            }
          ],
          "store_path": "/nix/store/v5m05qvmza8b8922n42mgsisb05zllm3-nodejs-20.19.2"
        }
      }
    },
    "yarn@1.22.22": {
      "last_modified": "2025-06-20T02:24:11Z",
      "resolved": "github:NixOS/nixpkgs/076e8c6678d8c54204abcb4b1b14c366835a58bb#yarn",
      "source": "devbox-search",
      "version": "1.22.22",
      "systems": {
        "aarch64-darwin": {
          "outputs": [
            {
              "name": "out",
              "path": "/nix/store/k2b00nykr3pr34xcz4vn4xfhknd59rr2-yarn-1.22.22",
              "default": true
            }
          ],
          "store_path": "/nix/store/k2b00nykr3pr34xcz4vn4xfhknd59rr2-yarn-1.22.22"
        },
        "aarch64-linux": {
          "outputs": [
            {
              "name": "out",
              "path": "/nix/store/z1baspkzkiaj0k3faxwvk130ilbhi9lm-yarn-1.22.22",
              "default": true
            }
          ],
          "store_path": "/nix/store/z1baspkzkiaj0k3faxwvk130ilbhi9lm-yarn-1.22.22"
        },
        "x86_64-darwin": {
          "outputs": [
            {
              "name": "out",
              "path": "/nix/store/crfwdq90h9byj2njzpr610s0gwxhjqwc-yarn-1.22.22",
              "default": true
            }
          ],
          "store_path": "/nix/store/crfwdq90h9byj2njzpr610s0gwxhjqwc-yarn-1.22.22"
        },
        "x86_64-linux": {
          "outputs": [
            {
              "name": "out",
              "path": "/nix/store/fp98fzb6mw6159pbgnwrhpag4w3mc8zq-yarn-1.22.22",
              "default": true
            }
          ],
          "store_path": "/nix/store/fp98fzb6mw6159pbgnwrhpag4w3mc8zq-yarn-1.22.22"
        }
      }
    }
  }
}
